
Microsoft Visual Studio Solution File, Format Version 12.00
# Visual Studio Version 17
VisualStudioVersion = 17.3.32922.545
MinimumVisualStudioVersion = 10.0.40219.1
Project("{FAE04EC0-301F-11D3-BF4B-00C04F79EFBC}") = "YTSearch.NET", "YTSearch.NET.csproj", "{FFC9C3FD-A0DE-4315-9610-1A8BA86480D3}"
EndProject
Project("{FAE04EC0-301F-11D3-BF4B-00C04F79EFBC}") = "YTSearch.NET.TestConsole", "..\YTSearch.NET.TestConsole\YTSearch.NET.TestConsole.csproj", "{5D928BBB-F72D-4B10-B3B3-5B54B6F150E1}"
EndProject
Global
	GlobalSection(SolutionConfigurationPlatforms) = preSolution
		Debug|Any CPU = Debug|Any CPU
		Release|Any CPU = Release|Any CPU
	EndGlobalSection
	GlobalSection(ProjectConfigurationPlatforms) = postSolution
		{FFC9C3FD-A0DE-4315-9610-1A8BA86480D3}.Debug|Any CPU.ActiveCfg = Debug|Any CPU
		{FFC9C3FD-A0DE-4315-9610-1A8BA86480D3}.Debug|Any CPU.Build.0 = Debug|Any CPU
		{FFC9C3FD-A0DE-4315-9610-1A8BA86480D3}.Release|Any CPU.ActiveCfg = Release|Any CPU
		{FFC9C3FD-A0DE-4315-9610-1A8BA86480D3}.Release|Any CPU.Build.0 = Release|Any CPU
		{5D928BBB-F72D-4B10-B3B3-5B54B6F150E1}.Debug|Any CPU.ActiveCfg = Debug|Any CPU
		{5D928BBB-F72D-4B10-B3B3-5B54B6F150E1}.Debug|Any CPU.Build.0 = Debug|Any CPU
		{5D928BBB-F72D-4B10-B3B3-5B54B6F150E1}.Release|Any CPU.ActiveCfg = Release|Any CPU
		{5D928BBB-F72D-4B10-B3B3-5B54B6F150E1}.Release|Any CPU.Build.0 = Release|Any CPU
	EndGlobalSection
	GlobalSection(SolutionProperties) = preSolution
		HideSolutionNode = FALSE
	EndGlobalSection
	GlobalSection(ExtensibilityGlobals) = postSolution
		SolutionGuid = {F94D62F8-3DC4-4804-94C3-9BDC7ABBD705}
	EndGlobalSection
EndGlobal
